
Microsoft Visual Studio Solution File, Format Version 12.00
# Visual Studio Version 17
VisualStudioVersion = 17.0.31903.59
MinimumVisualStudioVersion = 10.0.40219.1
Project("{FAE04EC0-301F-11D3-BF4B-00C04F79EFBC}") = "Frank.Mapping", "Frank.Mapping\Frank.Mapping.csproj", "{BE42CDF4-8143-48B7-B503-776D32421323}"
EndProject
Project("{FAE04EC0-301F-11D3-BF4B-00C04F79EFBC}") = "Frank.Mapping.Tests", "Frank.Mapping.Tests\Frank.Mapping.Tests.csproj", "{016416C6-A7D0-44A3-9183-9F8D5D387124}"
EndProject
Project("{2150E333-8FDC-42A3-9474-1A3956D46DE8}") = "Solution Items", "Solution Items", "{E6C3C346-64CD-4A97-987D-A2486AE8E5FE}"
	ProjectSection(SolutionItems) = preProject
		.gitignore = .gitignore
		Directory.Build.props = Directory.Build.props
		icon.png = icon.png
		nuget.config = nuget.config
		README.md = README.md
		.github\workflows\merge.yml = .github\workflows\merge.yml
		.github\workflows\pull-request.yml = .github\workflows\pull-request.yml
		.github\workflows\release.yml = .github\workflows\release.yml
	EndProjectSection
EndProject
Project("{FAE04EC0-301F-11D3-BF4B-00C04F79EFBC}") = "Frank.Mapping.Documents", "Frank.Mapping.Documents\Frank.Mapping.Documents.csproj", "{AEBBEA70-6139-4E4D-9E4D-A4DE2D58635E}"
EndProject
Project("{FAE04EC0-301F-11D3-BF4B-00C04F79EFBC}") = "Frank.Mapping.Analyzers", "Frank.Mapping.Analyzers\Frank.Mapping.Analyzers.csproj", "{CC38AA79-1BFC-4ED6-91DB-1B1D9DF272BA}"
EndProject
Project("{FAE04EC0-301F-11D3-BF4B-00C04F79EFBC}") = "Frank.Mapping.Tests.ConsoleApp", "Frank.Mapping.Tests.ConsoleApp\Frank.Mapping.Tests.ConsoleApp.csproj", "{DB432196-DF0E-4577-9E8A-883739F3561B}"
EndProject
Project("{FAE04EC0-301F-11D3-BF4B-00C04F79EFBC}") = "Frank.Mapping.Tests.Common", "Frank.Mapping.Tests.Common\Frank.Mapping.Tests.Common.csproj", "{A269433E-93DF-4BA2-B37E-A4EC1E35CF89}"
EndProject
Global
	GlobalSection(SolutionConfigurationPlatforms) = preSolution
		Debug|Any CPU = Debug|Any CPU
		Release|Any CPU = Release|Any CPU
	EndGlobalSection
	GlobalSection(SolutionProperties) = preSolution
		HideSolutionNode = FALSE
	EndGlobalSection
	GlobalSection(ProjectConfigurationPlatforms) = postSolution
		{BE42CDF4-8143-48B7-B503-776D32421323}.Debug|Any CPU.ActiveCfg = Debug|Any CPU
		{BE42CDF4-8143-48B7-B503-776D32421323}.Debug|Any CPU.Build.0 = Debug|Any CPU
		{BE42CDF4-8143-48B7-B503-776D32421323}.Release|Any CPU.ActiveCfg = Release|Any CPU
		{BE42CDF4-8143-48B7-B503-776D32421323}.Release|Any CPU.Build.0 = Release|Any CPU
		{016416C6-A7D0-44A3-9183-9F8D5D387124}.Debug|Any CPU.ActiveCfg = Debug|Any CPU
		{016416C6-A7D0-44A3-9183-9F8D5D387124}.Debug|Any CPU.Build.0 = Debug|Any CPU
		{016416C6-A7D0-44A3-9183-9F8D5D387124}.Release|Any CPU.ActiveCfg = Release|Any CPU
		{016416C6-A7D0-44A3-9183-9F8D5D387124}.Release|Any CPU.Build.0 = Release|Any CPU
		{AEBBEA70-6139-4E4D-9E4D-A4DE2D58635E}.Debug|Any CPU.ActiveCfg = Debug|Any CPU
		{AEBBEA70-6139-4E4D-9E4D-A4DE2D58635E}.Debug|Any CPU.Build.0 = Debug|Any CPU
		{AEBBEA70-6139-4E4D-9E4D-A4DE2D58635E}.Release|Any CPU.ActiveCfg = Release|Any CPU
		{AEBBEA70-6139-4E4D-9E4D-A4DE2D58635E}.Release|Any CPU.Build.0 = Release|Any CPU
		{CC38AA79-1BFC-4ED6-91DB-1B1D9DF272BA}.Debug|Any CPU.ActiveCfg = Debug|Any CPU
		{CC38AA79-1BFC-4ED6-91DB-1B1D9DF272BA}.Debug|Any CPU.Build.0 = Debug|Any CPU
		{CC38AA79-1BFC-4ED6-91DB-1B1D9DF272BA}.Release|Any CPU.ActiveCfg = Release|Any CPU
		{CC38AA79-1BFC-4ED6-91DB-1B1D9DF272BA}.Release|Any CPU.Build.0 = Release|Any CPU
		{DB432196-DF0E-4577-9E8A-883739F3561B}.Debug|Any CPU.ActiveCfg = Debug|Any CPU
		{DB432196-DF0E-4577-9E8A-883739F3561B}.Debug|Any CPU.Build.0 = Debug|Any CPU
		{DB432196-DF0E-4577-9E8A-883739F3561B}.Release|Any CPU.ActiveCfg = Release|Any CPU
		{DB432196-DF0E-4577-9E8A-883739F3561B}.Release|Any CPU.Build.0 = Release|Any CPU
		{A269433E-93DF-4BA2-B37E-A4EC1E35CF89}.Debug|Any CPU.ActiveCfg = Debug|Any CPU
		{A269433E-93DF-4BA2-B37E-A4EC1E35CF89}.Debug|Any CPU.Build.0 = Debug|Any CPU
		{A269433E-93DF-4BA2-B37E-A4EC1E35CF89}.Release|Any CPU.ActiveCfg = Release|Any CPU
		{A269433E-93DF-4BA2-B37E-A4EC1E35CF89}.Release|Any CPU.Build.0 = Release|Any CPU
	EndGlobalSection
EndGlobal
